
Microsoft Visual Studio Solution File, Format Version 12.00
# Visual Studio 14
VisualStudioVersion = 14.0.24720.0
MinimumVisualStudioVersion = 10.0.40219.1
Project("{FAE04EC0-301F-11D3-BF4B-00C04F79EFBC}") = "NGVSCAN.EXEC", "NGVSCAN.EXEC\NGVSCAN.EXEC.csproj", "{8BA7ADBD-9AC9-444E-B5FF-9BDB6BBFBFB2}"
EndProject
Project("{FAE04EC0-301F-11D3-BF4B-00C04F79EFBC}") = "NGVSCAN.CORE", "NGVSCAN.CORE\NGVSCAN.CORE.csproj", "{0528E145-AC02-48B6-A639-6A14A0B467A3}"
EndProject
Project("{FAE04EC0-301F-11D3-BF4B-00C04F79EFBC}") = "NGVSCAN.DAL", "NGVSCAN.DAL\NGVSCAN.DAL.csproj", "{809880C2-AF77-48C1-84D6-83A89D75005B}"
EndProject
Global
	GlobalSection(SolutionConfigurationPlatforms) = preSolution
		Debug|Any CPU = Debug|Any CPU
		Release|Any CPU = Release|Any CPU
	EndGlobalSection
	GlobalSection(ProjectConfigurationPlatforms) = postSolution
		{8BA7ADBD-9AC9-444E-B5FF-9BDB6BBFBFB2}.Debug|Any CPU.ActiveCfg = Debug|Any CPU
		{8BA7ADBD-9AC9-444E-B5FF-9BDB6BBFBFB2}.Debug|Any CPU.Build.0 = Debug|Any CPU
		{8BA7ADBD-9AC9-444E-B5FF-9BDB6BBFBFB2}.Release|Any CPU.ActiveCfg = Release|Any CPU
		{8BA7ADBD-9AC9-444E-B5FF-9BDB6BBFBFB2}.Release|Any CPU.Build.0 = Release|Any CPU
		{0528E145-AC02-48B6-A639-6A14A0B467A3}.Debug|Any CPU.ActiveCfg = Debug|Any CPU
		{0528E145-AC02-48B6-A639-6A14A0B467A3}.Debug|Any CPU.Build.0 = Debug|Any CPU
		{0528E145-AC02-48B6-A639-6A14A0B467A3}.Release|Any CPU.ActiveCfg = Release|Any CPU
		{0528E145-AC02-48B6-A639-6A14A0B467A3}.Release|Any CPU.Build.0 = Release|Any CPU
		{809880C2-AF77-48C1-84D6-83A89D75005B}.Debug|Any CPU.ActiveCfg = Debug|Any CPU
		{809880C2-AF77-48C1-84D6-83A89D75005B}.Debug|Any CPU.Build.0 = Debug|Any CPU
		{809880C2-AF77-48C1-84D6-83A89D75005B}.Release|Any CPU.ActiveCfg = Release|Any CPU
		{809880C2-AF77-48C1-84D6-83A89D75005B}.Release|Any CPU.Build.0 = Release|Any CPU
	EndGlobalSection
	GlobalSection(SolutionProperties) = preSolution
		HideSolutionNode = FALSE
	EndGlobalSection
EndGlobal
